# This file is automatically @generated by Poetry 2.2.1 and should not be changed by hand.

[[package]]
name = "clang-format"
version = "17.0.6"
description = "Clang-Format is an LLVM-based code formatting tool"
optional = false
python-versions = "*"
groups = ["dev"]
files = [
    {file = "clang-format-17.0.6.tar.gz", hash = "sha256:50f082840d2e013160355ed63add4502884344371dda5af12ec0abe68cbc5a36"},
    {file = "clang_format-17.0.6-py2.py3-none-macosx_10_9_x86_64.whl", hash = "sha256:2c7364a50c4fdb8ce9acc4e0c21627e52f4eebee98ff2d8a19b6d4302d0be23b"},
    {file = "clang_format-17.0.6-py2.py3-none-macosx_11_0_arm64.whl", hash = "sha256:195014a589fde9e2bec447ee1f2efd31f8c9f773b10aa66b510beae6997e6bc5"},
    {file = "clang_format-17.0.6-py2.py3-none-manylinux_2_17_aarch64.manylinux2014_aarch64.whl", hash = "sha256:5cda40badfb01818ece739509d9cde678fc02660180cc1a55156782ef203704d"},
    {file = "clang_format-17.0.6-py2.py3-none-manylinux_2_17_i686.manylinux2014_i686.whl", hash = "sha256:879e831c58a25a9b7527155032a6dc4758716ded69590911468a37629acb13d1"},
    {file = "clang_format-17.0.6-py2.py3-none-manylinux_2_17_ppc64le.manylinux2014_ppc64le.whl", hash = "sha256:393f896db6155d6b8401ebae40df1f9a8cdf15d494d13fb775657c9ec609b586"},
    {file = "clang_format-17.0.6-py2.py3-none-manylinux_2_17_s390x.manylinux2014_s390x.whl", hash = "sha256:ccb6f5ce90f24ed0bb314d041a8edcc94d1279c1469669d5855be004d9d6caff"},
    {file = "clang_format-17.0.6-py2.py3-none-manylinux_2_17_x86_64.manylinux2014_x86_64.whl", hash = "sha256:2a1323ca5322e0dead521223155fe2ae1ba81d50abab8e20aaac28f6a94f23b9"},
    {file = "clang_format-17.0.6-py2.py3-none-musllinux_1_1_aarch64.whl", hash = "sha256:5476f8fba40e4330a4704681386d78751ced0ecbd050bd0687817cca01d4e167"},
    {file = "clang_format-17.0.6-py2.py3-none-musllinux_1_1_i686.whl", hash = "sha256:a0f744b056cb1595efdb7d2b83a7d73370e506e17fcaa68cd884c2ed029ae0fd"},
    {file = "clang_format-17.0.6-py2.py3-none-musllinux_1_1_ppc64le.whl", hash = "sha256:2ddc8b6237520d26d78489e3bb876243d87c3629eb3cd40e1df0c8c6e355d949"},
    {file = "clang_format-17.0.6-py2.py3-none-musllinux_1_1_s390x.whl", hash = "sha256:afc29c4413b5f2f885347f4bdbb7fe81f595faeceafa640c9e67a2d9aa2c7134"},
    {file = "clang_format-17.0.6-py2.py3-none-musllinux_1_1_x86_64.whl", hash = "sha256:33c4f1975a6a0a76e5b85165c510c46ae1155f82477a5730e29799e43d78c83a"},
    {file = "clang_format-17.0.6-py2.py3-none-win32.whl", hash = "sha256:edd55b840fa6edcdafb1651c3c24c6ea8d911e73be30373e7e8e5741cb585464"},
    {file = "clang_format-17.0.6-py2.py3-none-win_amd64.whl", hash = "sha256:9407f0f4cb5a26b96af38bb2261f1c4015127f4d87ce46a61bb3a3c2a3d4f3cc"},
]

[[package]]
name = "colorama"
version = "0.4.6"
description = "Cross-platform colored terminal text."
optional = false
python-versions = "!=3.0.*,!=3.1.*,!=3.2.*,!=3.3.*,!=3.4.*,!=3.5.*,!=3.6.*,>=2.7"
groups = ["dev"]
markers = "sys_platform == \"win32\""
files = [
    {file = "colorama-0.4.6-py2.py3-none-any.whl", hash = "sha256:4f1d9991f5acc0ca119f9d443620b77f9d6b33703e51011c16baf57afb285fc6"},
    {file = "colorama-0.4.6.tar.gz", hash = "sha256:08695f5cb7ed6e0531a20572697297273c47b8cae5a63ffc6d6ed5c201be6e44"},
]

[[package]]
name = "exceptiongroup"
version = "1.3.0"
description = "Backport of PEP 654 (exception groups)"
optional = false
python-versions = ">=3.7"
groups = ["dev"]
markers = "python_version < \"3.11\""
files = [
    {file = "exceptiongroup-1.3.0-py3-none-any.whl", hash = "sha256:4d111e6e0c13d0644cad6ddaa7ed0261a0b36971f6d23e7ec9b4b9097da78a10"},
    {file = "exceptiongroup-1.3.0.tar.gz", hash = "sha256:b241f5885f560bc56a59ee63ca4c6a8bfa46ae4ad651af316d4e81817bb9fd88"},
]

[package.dependencies]
typing-extensions = {version = ">=4.6.0", markers = "python_version < \"3.13\""}

[package.extras]
test = ["pytest (>=6)"]

[[package]]
name = "iniconfig"
version = "2.0.0"
description = "brain-dead simple config-ini parsing"
optional = false
python-versions = ">=3.7"
groups = ["dev"]
files = [
    {file = "iniconfig-2.0.0-py3-none-any.whl", hash = "sha256:b6a85871a79d2e3b22d2d1b94ac2824226a63c6b741c88f7ae975f18b6778374"},
    {file = "iniconfig-2.0.0.tar.gz", hash = "sha256:2d91e135bf72d31a410b17c16da610a82cb55f6b0477d1a902134b24a455b8b3"},
]

[[package]]
name = "meson"
version = "1.9.1"
description = "A high performance build system"
optional = false
python-versions = ">=3.7"
groups = ["main", "dev"]
files = [
    {file = "meson-1.9.1-py3-none-any.whl", hash = "sha256:f824ab770c041a202f532f69e114c971918ed2daff7ea56583d80642564598d0"},
]

[package.extras]
ninja = ["ninja (>=1.8.2)"]
progress = ["tqdm"]
typing = ["mypy", "typing_extensions ; python_version < \"3.8\""]

[[package]]
name = "meson-python"
version = "0.18.0"
description = "Meson Python build backend (PEP 517)"
optional = false
python-versions = ">=3.8"
groups = ["dev"]
files = [
    {file = "meson_python-0.18.0-py3-none-any.whl", hash = "sha256:3b0fe051551cc238f5febb873247c0949cd60ded556efa130aa57021804868e2"},
    {file = "meson_python-0.18.0.tar.gz", hash = "sha256:c56a99ec9df669a40662fe46960321af6e4b14106c14db228709c1628e23848d"},
]

[package.dependencies]
meson = [
    {version = ">=0.64.0", markers = "python_version < \"3.12\""},
    {version = ">=1.2.3", markers = "python_version >= \"3.12\""},
]
packaging = ">=23.2"
pyproject-metadata = ">=0.9.0"
tomli = {version = ">=1.0.0", markers = "python_version < \"3.11\""}

[package.extras]
docs = ["furo (>=2024.08.06)", "sphinx (>=8.1.0,<8.2.0)", "sphinx-copybutton (>=0.5.0)", "sphinx-design (>=0.1.0)", "sphinxext-opengraph (>=0.7.0)"]
test = ["build", "cython (>=3.0.3)", "pytest (>=6.0)", "pytest-cov[toml]", "pytest-mock", "typing-extensions (>=3.7.4) ; python_version < \"3.11\"", "wheel"]

[[package]]
name = "ninja"
version = "1.13.0"
description = "Ninja is a small build system with a focus on speed"
optional = false
python-versions = ">=3.8"
groups = ["main"]
files = [
    {file = "ninja-1.13.0-py3-none-macosx_10_9_universal2.whl", hash = "sha256:fa2a8bfc62e31b08f83127d1613d10821775a0eb334197154c4d6067b7068ff1"},
    {file = "ninja-1.13.0-py3-none-manylinux2014_aarch64.manylinux_2_17_aarch64.whl", hash = "sha256:3d00c692fb717fd511abeb44b8c5d00340c36938c12d6538ba989fe764e79630"},
    {file = "ninja-1.13.0-py3-none-manylinux2014_i686.manylinux_2_17_i686.whl", hash = "sha256:be7f478ff9f96a128b599a964fc60a6a87b9fa332ee1bd44fa243ac88d50291c"},
    {file = "ninja-1.13.0-py3-none-manylinux2014_ppc64le.manylinux_2_17_ppc64le.whl", hash = "sha256:60056592cf495e9a6a4bea3cd178903056ecb0943e4de45a2ea825edb6dc8d3e"},
    {file = "ninja-1.13.0-py3-none-manylinux2014_s390x.manylinux_2_17_s390x.whl", hash = "sha256:1c97223cdda0417f414bf864cfb73b72d8777e57ebb279c5f6de368de0062988"},
    {file = "ninja-1.13.0-py3-none-manylinux2014_x86_64.manylinux_2_17_x86_64.whl", hash = "sha256:fb46acf6b93b8dd0322adc3a4945452a4e774b75b91293bafcc7b7f8e6517dfa"},
    {file = "ninja-1.13.0-py3-none-manylinux_2_28_armv7l.manylinux_2_31_armv7l.whl", hash = "sha256:4be9c1b082d244b1ad7ef41eb8ab088aae8c109a9f3f0b3e56a252d3e00f42c1"},
    {file = "ninja-1.13.0-py3-none-manylinux_2_31_riscv64.whl", hash = "sha256:6739d3352073341ad284246f81339a384eec091d9851a886dfa5b00a6d48b3e2"},
    {file = "ninja-1.13.0-py3-none-musllinux_1_2_aarch64.whl", hash = "sha256:11be2d22027bde06f14c343f01d31446747dbb51e72d00decca2eb99be911e2f"},
    {file = "ninja-1.13.0-py3-none-musllinux_1_2_armv7l.whl", hash = "sha256:aa45b4037b313c2f698bc13306239b8b93b4680eb47e287773156ac9e9304714"},
    {file = "ninja-1.13.0-py3-none-musllinux_1_2_i686.whl", hash = "sha256:5f8e1e8a1a30835eeb51db05cf5a67151ad37542f5a4af2a438e9490915e5b72"},
    {file = "ninja-1.13.0-py3-none-musllinux_1_2_ppc64le.whl", hash = "sha256:3d7d7779d12cb20c6d054c61b702139fd23a7a964ec8f2c823f1ab1b084150db"},
    {file = "ninja-1.13.0-py3-none-musllinux_1_2_riscv64.whl", hash = "sha256:d741a5e6754e0bda767e3274a0f0deeef4807f1fec6c0d7921a0244018926ae5"},
    {file = "ninja-1.13.0-py3-none-musllinux_1_2_s390x.whl", hash = "sha256:e8bad11f8a00b64137e9b315b137d8bb6cbf3086fbdc43bf1f90fd33324d2e96"},
    {file = "ninja-1.13.0-py3-none-musllinux_1_2_x86_64.whl", hash = "sha256:b4f2a072db3c0f944c32793e91532d8948d20d9ab83da9c0c7c15b5768072200"},
    {file = "ninja-1.13.0-py3-none-win32.whl", hash = "sha256:8cfbb80b4a53456ae8a39f90ae3d7a2129f45ea164f43fadfa15dc38c4aef1c9"},
    {file = "ninja-1.13.0-py3-none-win_amd64.whl", hash = "sha256:fb8ee8719f8af47fed145cced4a85f0755dd55d45b2bddaf7431fa89803c5f3e"},
    {file = "ninja-1.13.0-py3-none-win_arm64.whl", hash = "sha256:3c0b40b1f0bba764644385319028650087b4c1b18cdfa6f45cb39a3669b81aa9"},
    {file = "ninja-1.13.0.tar.gz", hash = "sha256:4a40ce995ded54d9dc24f8ea37ff3bf62ad192b547f6c7126e7e25045e76f978"},
]

[[package]]
name = "packaging"
version = "25.0"
description = "Core utilities for Python packages"
optional = false
python-versions = ">=3.8"
groups = ["dev"]
files = [
    {file = "packaging-25.0-py3-none-any.whl", hash = "sha256:29572ef2b1f17581046b3a2227d5c611fb25ec70ca1ba8554b24b0e69331a484"},
    {file = "packaging-25.0.tar.gz", hash = "sha256:d443872c98d677bf60f6a1f2f8c1cb748e8fe762d2bf9d3148b5599295b0fc4f"},
]

[[package]]
name = "pluggy"
version = "1.5.0"
description = "plugin and hook calling mechanisms for python"
optional = false
python-versions = ">=3.8"
groups = ["dev"]
files = [
    {file = "pluggy-1.5.0-py3-none-any.whl", hash = "sha256:44e1ad92c8ca002de6377e165f3e0f1be63266ab4d554740532335b9d75ea669"},
    {file = "pluggy-1.5.0.tar.gz", hash = "sha256:2cffa88e94fdc978c4c574f15f9e59b7f4201d439195c3715ca9e2486f1d0cf1"},
]

[package.extras]
dev = ["pre-commit", "tox"]
testing = ["pytest", "pytest-benchmark"]

[[package]]
name = "pybind11"
version = "3.0.1"
description = "Seamless operability between C++11 and Python"
optional = false
python-versions = ">=3.8"
groups = ["main"]
files = [
    {file = "pybind11-3.0.1-py3-none-any.whl", hash = "sha256:aa8f0aa6e0a94d3b64adfc38f560f33f15e589be2175e103c0a33c6bce55ee89"},
    {file = "pybind11-3.0.1.tar.gz", hash = "sha256:9c0f40056a016da59bab516efb523089139fcc6f2ba7e4930854c61efb932051"},
]

[package.extras]
global = ["pybind11-global (==3.0.1)"]

[[package]]
name = "pyproject-metadata"
version = "0.9.1"
description = "PEP 621 metadata parsing"
optional = false
python-versions = ">=3.7"
groups = ["dev"]
files = [
    {file = "pyproject_metadata-0.9.1-py3-none-any.whl", hash = "sha256:ee5efde548c3ed9b75a354fc319d5afd25e9585fa918a34f62f904cc731973ad"},
    {file = "pyproject_metadata-0.9.1.tar.gz", hash = "sha256:b8b2253dd1b7062b78cf949a115f02ba7fa4114aabe63fa10528e9e1a954a816"},
]

[package.dependencies]
packaging = ">=19.0"

[package.extras]
docs = ["furo (>=2023.9.10)", "myst-parser", "sphinx (>=7.0)", "sphinx-autodoc-typehints", "sphinx-autodoc-typehints (>=1.10.0)"]
test = ["exceptiongroup ; python_version < \"3.11\"", "pytest (>=6.2.4)", "pytest-cov[toml] (>=2)", "tomli (>=1.0.0) ; python_version < \"3.11\""]

[[package]]
name = "pytest"
version = "8.3.5"
description = "pytest: simple powerful testing with Python"
optional = false
python-versions = ">=3.8"
groups = ["dev"]
files = [
    {file = "pytest-8.3.5-py3-none-any.whl", hash = "sha256:c69214aa47deac29fad6c2a4f590b9c4a9fdb16a403176fe154b79c0b4d4d820"},
    {file = "pytest-8.3.5.tar.gz", hash = "sha256:f4efe70cc14e511565ac476b57c279e12a855b11f48f212af1080ef2263d3845"},
]

[package.dependencies]
colorama = {version = "*", markers = "sys_platform == \"win32\""}
exceptiongroup = {version = ">=1.0.0rc8", markers = "python_version < \"3.11\""}
iniconfig = "*"
packaging = "*"
pluggy = ">=1.5,<2"
tomli = {version = ">=1", markers = "python_version < \"3.11\""}

[package.extras]
dev = ["argcomplete", "attrs (>=19.2)", "hypothesis (>=3.56)", "mock", "pygments (>=2.7.2)", "requests", "setuptools", "xmlschema"]

[[package]]
name = "tomli"
version = "2.0.1"
description = "A lil' TOML parser"
optional = false
python-versions = ">=3.7"
groups = ["dev"]
markers = "python_version < \"3.11\""
files = [
    {file = "tomli-2.0.1-py3-none-any.whl", hash = "sha256:939de3e7a6161af0c887ef91b7d41a53e7c5a1ca976325f429cb46ea9bc30ecc"},
    {file = "tomli-2.0.1.tar.gz", hash = "sha256:de526c12914f0c550d15924c62d72abc48d6fe7364aa87328337a31007fe8a4f"},
]

[[package]]
name = "typing-extensions"
version = "4.7.1"
description = "Backported and Experimental Type Hints for Python 3.7+"
optional = false
python-versions = ">=3.7"
groups = ["dev"]
markers = "python_version < \"3.11\""
files = [
    {file = "typing_extensions-4.7.1-py3-none-any.whl", hash = "sha256:440d5dd3af93b060174bf433bccd69b0babc3b15b1a8dca43789fd7f61514b36"},
    {file = "typing_extensions-4.7.1.tar.gz", hash = "sha256:b75ddc264f0ba5615db7ba217daeb99701ad295353c45f9e95963337ceeeffb2"},
]

[metadata]
lock-version = "2.1"
python-versions = ">=3.9"
content-hash = "cf440429703e5be8b53694a06daab6878ffa84725ee243610cf39bc44844f867"
